
Microsoft Visual Studio Solution File, Format Version 12.00
# Visual Studio 2012
VisualStudioVersion = 12.0.31101.0
MinimumVisualStudioVersion = 10.0.40219.1
Project("{2150E333-8FDC-42A3-9474-1A3956D46DE8}") = "Samples", "Samples", "{E01B11F2-BA7F-4DBA-808D-957047B442F7}"
EndProject
Project("{FAE04EC0-301F-11D3-BF4B-00C04F79EFBC}") = "DrawCanvas", "Samples\DrawCanvas\DrawCanvas.csproj", "{2373B331-53BD-4DE9-A2E1-DBD778190FAF}"
EndProject
Project("{FAE04EC0-301F-11D3-BF4B-00C04F79EFBC}") = "GraphView", "Samples\GraphView\GraphView.csproj", "{B30BE9E6-097E-4DC0-91EE-4DDDA35F8905}"
EndProject
Project("{FAE04EC0-301F-11D3-BF4B-00C04F79EFBC}") = "TaskGen", "Samples\TaskGen\TaskGen.csproj", "{0B05C9EA-1DD4-4526-80C6-EF7F98B9F27F}"
EndProject
Project("{FAE04EC0-301F-11D3-BF4B-00C04F79EFBC}") = "Geometry", "Samples\Geometry\Geometry.csproj", "{71941514-6E26-489B-8843-EB9D273B95D2}"
EndProject
Project("{FAE04EC0-301F-11D3-BF4B-00C04F79EFBC}") = "ClientServerCommunication", "Samples\ClientServerCommunication\ClientServerCommunication.csproj", "{565F9F9B-CAF0-4BF9-BA05-3006858EC0B7}"
EndProject
Project("{FAE04EC0-301F-11D3-BF4B-00C04F79EFBC}") = "ImportExport", "Samples\ImportExport\ImportExport.csproj", "{F1256681-1F4E-495B-A32C-3D5662E78FCC}"
EndProject
Project("{FAE04EC0-301F-11D3-BF4B-00C04F79EFBC}") = "GraphicalImportExport", "Samples\GraphicalImportExport\GraphicalImportExport.csproj", "{2CE6D7B3-06C0-4917-A5EA-329A20C0BBE3}"
EndProject
Project("{FAE04EC0-301F-11D3-BF4B-00C04F79EFBC}") = "Ast2LaTeX", "Samples\Ast2LaTeX\Ast2LaTeX.csproj", "{3B79653F-FAF6-473C-A0FF-83076AD25FA2}"
EndProject
Project("{FAE04EC0-301F-11D3-BF4B-00C04F79EFBC}") = "Overload", "Samples\Overload\Overload.csproj", "{0C1CD442-2BE8-49B9-BBE2-A51ABB686695}"
EndProject
Project("{FAE04EC0-301F-11D3-BF4B-00C04F79EFBC}") = "WorkView", "Samples\WorkView\WorkView.csproj", "{19B757DE-C733-450B-A392-263363278C6F}"
EndProject
Project("{FAE04EC0-301F-11D3-BF4B-00C04F79EFBC}") = "Calculator", "Samples\Calculator\Calculator.csproj", "{8DB7F7B2-793B-4434-8910-9138C9492174}"
EndProject
Project("{FAE04EC0-301F-11D3-BF4B-00C04F79EFBC}") = "FancyTextEditor", "Samples\FancyTextEditor\FancyTextEditor.csproj", "{BBAB869E-5255-4A18-B821-AB86DE0039D5}"
EndProject
Project("{FAE04EC0-301F-11D3-BF4B-00C04F79EFBC}") = "ThreadTest", "Samples\ThreadTest\ThreadTest.csproj", "{96366AA1-1EFF-482D-BEE1-A71DE5E30EC2}"
EndProject
Project("{2150E333-8FDC-42A3-9474-1A3956D46DE8}") = "Libraries", "Libraries", "{F0AC8500-342F-4EA5-9649-3A3CAC990066}"
EndProject
Project("{FAE04EC0-301F-11D3-BF4B-00C04F79EFBC}") = "Ast", "Libraries\Ast\Ast.csproj", "{82C03E10-075F-411C-A1F1-D5506C62BE1C}"
EndProject
Project("{FAE04EC0-301F-11D3-BF4B-00C04F79EFBC}") = "Graph", "Libraries\Graph\Graph.csproj", "{61470166-2F65-41BD-9D9C-2C2C5F2DA6ED}"
EndProject
Project("{FAE04EC0-301F-11D3-BF4B-00C04F79EFBC}") = "Account", "Libraries\Account\Account.csproj", "{926EE758-EDA5-4B92-BFE8-419C54909810}"
EndProject
Project("{FAE04EC0-301F-11D3-BF4B-00C04F79EFBC}") = "ImEx", "Libraries\ImEx\ImEx.csproj", "{5150E825-D811-4D68-8C0E-86A1F8573561}"
EndProject
Project("{FAE04EC0-301F-11D3-BF4B-00C04F79EFBC}") = "Geomet", "Libraries\Geomet\Geomet.csproj", "{3B778CA7-302F-4838-B6DA-9193929403D7}"
EndProject
Project("{FAE04EC0-301F-11D3-BF4B-00C04F79EFBC}") = "TaskGenLib", "Libraries\TaskGenLib\TaskGenLib.csproj", "{882174F5-0B72-4DF3-997F-BD2EB16C6E6C}"
EndProject
Project("{FAE04EC0-301F-11D3-BF4B-00C04F79EFBC}") = "Parser", "Libraries\Parser\Parser.csproj", "{D23FF46D-261C-470C-8A5B-E288A2355430}"
EndProject
Project("{FAE04EC0-301F-11D3-BF4B-00C04F79EFBC}") = "DesktopUI", "Libraries\DesktopUI\DesktopUI.csproj", "{FF8D208B-A1BE-4418-A2C2-B7A9625EE34C}"
EndProject
Project("{FAE04EC0-301F-11D3-BF4B-00C04F79EFBC}") = "FileOperation", "Libraries\FileOperation\FileOperation.csproj", "{E53A7020-0343-4C86-936B-5076B167E2AD}"
EndProject
Project("{2150E333-8FDC-42A3-9474-1A3956D46DE8}") = "Tests", "Tests", "{55F13B97-EEC4-4F2A-B870-22346B6236AB}"
EndProject
Project("{FAE04EC0-301F-11D3-BF4B-00C04F79EFBC}") = "Ast.Tests", "Tests\Ast.Tests\Ast.Tests.csproj", "{3E0FBD2D-3E67-45BE-BCB0-B6B298718749}"
EndProject
Project("{FAE04EC0-301F-11D3-BF4B-00C04F79EFBC}") = "ClientServer", "Tests\ClientServer.Tests\ClientServer.csproj", "{A6BE9C65-1637-4E97-A08C-F479621A20AF}"
EndProject
Project("{FAE04EC0-301F-11D3-BF4B-00C04F79EFBC}") = "Parser.Tests", "Tests\Parser.Tests\Parser.Tests.csproj", "{F63C284C-18CF-4838-BFD0-A7372DA68B5F}"
EndProject
Project("{FAE04EC0-301F-11D3-BF4B-00C04F79EFBC}") = "CAS.NET.Desktop", "CAS.NET.Desktop\CAS.NET.Desktop.csproj", "{F70D0BA1-7DD0-4AB5-AD42-F70A073716F7}"
EndProject
Project("{FAE04EC0-301F-11D3-BF4B-00C04F79EFBC}") = "CAS.NET.Mobile", "CAS.NET.Mobile\CAS.NET.Mobile.csproj", "{E7552B0B-3C50-4739-8AE5-25768BAC332D}"
EndProject
Project("{2150E333-8FDC-42A3-9474-1A3956D46DE8}") = "Ressources", "Ressources", "{5481AAC8-C613-4063-9106-01712CD51B20}"
	ProjectSection(SolutionItems) = preProject
		Ressources\calcy.png = Ressources\calcy.png
	EndProjectSection
EndProject
Project("{FAE04EC0-301F-11D3-BF4B-00C04F79EFBC}") = "CAS.NET.Server", "CAS.NET.Server\CAS.NET.Server.csproj", "{CEA736B0-9A43-44FF-A369-C9D310C9C238}"
EndProject
Project("{2150E333-8FDC-42A3-9474-1A3956D46DE8}") = "Solution Items", "Solution Items", "{959203A6-0A99-4B3A-A836-14D51738E6CE}"
	ProjectSection(SolutionItems) = preProject
		.travis.yml = .travis.yml
		appveyor.yml = appveyor.yml
		.nuget\packages.config = .nuget\packages.config
		README.md = README.md
	EndProjectSection
EndProject
Project("{2150E333-8FDC-42A3-9474-1A3956D46DE8}") = ".nuget", ".nuget", "{016DF656-076F-4563-B0CD-39A338DA4D11}"
	ProjectSection(SolutionItems) = preProject
		.nuget\packages.config = .nuget\packages.config
	EndProjectSection
EndProject
Global
	GlobalSection(SolutionConfigurationPlatforms) = preSolution
		Debug|Any CPU = Debug|Any CPU
		Debug|Mixed Platforms = Debug|Mixed Platforms
		Debug|x86 = Debug|x86
		Release|Any CPU = Release|Any CPU
		Release|Mixed Platforms = Release|Mixed Platforms
		Release|x86 = Release|x86
	EndGlobalSection
	GlobalSection(ProjectConfigurationPlatforms) = postSolution
		{0B05C9EA-1DD4-4526-80C6-EF7F98B9F27F}.Debug|Any CPU.ActiveCfg = Debug|x86
		{0B05C9EA-1DD4-4526-80C6-EF7F98B9F27F}.Debug|Mixed Platforms.ActiveCfg = Debug|x86
		{0B05C9EA-1DD4-4526-80C6-EF7F98B9F27F}.Debug|Mixed Platforms.Build.0 = Debug|x86
		{0B05C9EA-1DD4-4526-80C6-EF7F98B9F27F}.Debug|x86.ActiveCfg = Debug|x86
		{0B05C9EA-1DD4-4526-80C6-EF7F98B9F27F}.Debug|x86.Build.0 = Debug|x86
		{0B05C9EA-1DD4-4526-80C6-EF7F98B9F27F}.Release|Any CPU.ActiveCfg = Release|x86
		{0B05C9EA-1DD4-4526-80C6-EF7F98B9F27F}.Release|Mixed Platforms.ActiveCfg = Release|x86
		{0B05C9EA-1DD4-4526-80C6-EF7F98B9F27F}.Release|Mixed Platforms.Build.0 = Release|x86
		{0B05C9EA-1DD4-4526-80C6-EF7F98B9F27F}.Release|x86.ActiveCfg = Release|x86
		{0B05C9EA-1DD4-4526-80C6-EF7F98B9F27F}.Release|x86.Build.0 = Release|x86
		{0C1CD442-2BE8-49B9-BBE2-A51ABB686695}.Debug|Any CPU.ActiveCfg = Debug|x86
		{0C1CD442-2BE8-49B9-BBE2-A51ABB686695}.Debug|Any CPU.Build.0 = Debug|x86
		{0C1CD442-2BE8-49B9-BBE2-A51ABB686695}.Debug|Mixed Platforms.ActiveCfg = Debug|x86
		{0C1CD442-2BE8-49B9-BBE2-A51ABB686695}.Debug|Mixed Platforms.Build.0 = Debug|x86
		{0C1CD442-2BE8-49B9-BBE2-A51ABB686695}.Debug|x86.ActiveCfg = Debug|x86
		{0C1CD442-2BE8-49B9-BBE2-A51ABB686695}.Debug|x86.Build.0 = Debug|x86
		{0C1CD442-2BE8-49B9-BBE2-A51ABB686695}.Release|Any CPU.ActiveCfg = Release|x86
		{0C1CD442-2BE8-49B9-BBE2-A51ABB686695}.Release|Any CPU.Build.0 = Release|x86
		{0C1CD442-2BE8-49B9-BBE2-A51ABB686695}.Release|Mixed Platforms.ActiveCfg = Release|x86
		{0C1CD442-2BE8-49B9-BBE2-A51ABB686695}.Release|Mixed Platforms.Build.0 = Release|x86
		{0C1CD442-2BE8-49B9-BBE2-A51ABB686695}.Release|x86.ActiveCfg = Release|x86
		{0C1CD442-2BE8-49B9-BBE2-A51ABB686695}.Release|x86.Build.0 = Release|x86
		{19B757DE-C733-450B-A392-263363278C6F}.Debug|Any CPU.ActiveCfg = Debug|x86
		{19B757DE-C733-450B-A392-263363278C6F}.Debug|Any CPU.Build.0 = Debug|x86
		{19B757DE-C733-450B-A392-263363278C6F}.Debug|Mixed Platforms.ActiveCfg = Debug|x86
		{19B757DE-C733-450B-A392-263363278C6F}.Debug|Mixed Platforms.Build.0 = Debug|x86
		{19B757DE-C733-450B-A392-263363278C6F}.Debug|x86.ActiveCfg = Debug|x86
		{19B757DE-C733-450B-A392-263363278C6F}.Debug|x86.Build.0 = Debug|x86
		{19B757DE-C733-450B-A392-263363278C6F}.Release|Any CPU.ActiveCfg = Release|x86
		{19B757DE-C733-450B-A392-263363278C6F}.Release|Any CPU.Build.0 = Release|x86
		{19B757DE-C733-450B-A392-263363278C6F}.Release|Mixed Platforms.ActiveCfg = Release|x86
		{19B757DE-C733-450B-A392-263363278C6F}.Release|Mixed Platforms.Build.0 = Release|x86
		{19B757DE-C733-450B-A392-263363278C6F}.Release|x86.ActiveCfg = Release|x86
		{19B757DE-C733-450B-A392-263363278C6F}.Release|x86.Build.0 = Release|x86
		{2373B331-53BD-4DE9-A2E1-DBD778190FAF}.Debug|Any CPU.ActiveCfg = Debug|x86
		{2373B331-53BD-4DE9-A2E1-DBD778190FAF}.Debug|Mixed Platforms.ActiveCfg = Debug|x86
		{2373B331-53BD-4DE9-A2E1-DBD778190FAF}.Debug|Mixed Platforms.Build.0 = Debug|x86
		{2373B331-53BD-4DE9-A2E1-DBD778190FAF}.Debug|x86.ActiveCfg = Debug|x86
		{2373B331-53BD-4DE9-A2E1-DBD778190FAF}.Debug|x86.Build.0 = Debug|x86
		{2373B331-53BD-4DE9-A2E1-DBD778190FAF}.Release|Any CPU.ActiveCfg = Release|x86
		{2373B331-53BD-4DE9-A2E1-DBD778190FAF}.Release|Mixed Platforms.ActiveCfg = Release|x86
		{2373B331-53BD-4DE9-A2E1-DBD778190FAF}.Release|Mixed Platforms.Build.0 = Release|x86
		{2373B331-53BD-4DE9-A2E1-DBD778190FAF}.Release|x86.ActiveCfg = Release|x86
		{2373B331-53BD-4DE9-A2E1-DBD778190FAF}.Release|x86.Build.0 = Release|x86
		{2CE6D7B3-06C0-4917-A5EA-329A20C0BBE3}.Debug|Any CPU.ActiveCfg = Debug|x86
		{2CE6D7B3-06C0-4917-A5EA-329A20C0BBE3}.Debug|Mixed Platforms.ActiveCfg = Debug|x86
		{2CE6D7B3-06C0-4917-A5EA-329A20C0BBE3}.Debug|Mixed Platforms.Build.0 = Debug|x86
		{2CE6D7B3-06C0-4917-A5EA-329A20C0BBE3}.Debug|x86.ActiveCfg = Debug|x86
		{2CE6D7B3-06C0-4917-A5EA-329A20C0BBE3}.Debug|x86.Build.0 = Debug|x86
		{2CE6D7B3-06C0-4917-A5EA-329A20C0BBE3}.Release|Any CPU.ActiveCfg = Release|x86
		{2CE6D7B3-06C0-4917-A5EA-329A20C0BBE3}.Release|Mixed Platforms.ActiveCfg = Release|x86
		{2CE6D7B3-06C0-4917-A5EA-329A20C0BBE3}.Release|Mixed Platforms.Build.0 = Release|x86
		{2CE6D7B3-06C0-4917-A5EA-329A20C0BBE3}.Release|x86.ActiveCfg = Release|x86
		{2CE6D7B3-06C0-4917-A5EA-329A20C0BBE3}.Release|x86.Build.0 = Release|x86
		{3B778CA7-302F-4838-B6DA-9193929403D7}.Debug|Any CPU.ActiveCfg = Debug|Any CPU
		{3B778CA7-302F-4838-B6DA-9193929403D7}.Debug|Any CPU.Build.0 = Debug|Any CPU
		{3B778CA7-302F-4838-B6DA-9193929403D7}.Debug|Mixed Platforms.ActiveCfg = Debug|Any CPU
		{3B778CA7-302F-4838-B6DA-9193929403D7}.Debug|Mixed Platforms.Build.0 = Debug|Any CPU
		{3B778CA7-302F-4838-B6DA-9193929403D7}.Debug|x86.ActiveCfg = Debug|Any CPU
		{3B778CA7-302F-4838-B6DA-9193929403D7}.Debug|x86.Build.0 = Debug|Any CPU
		{3B778CA7-302F-4838-B6DA-9193929403D7}.Release|Any CPU.ActiveCfg = Release|Any CPU
		{3B778CA7-302F-4838-B6DA-9193929403D7}.Release|Any CPU.Build.0 = Release|Any CPU
		{3B778CA7-302F-4838-B6DA-9193929403D7}.Release|Mixed Platforms.ActiveCfg = Release|Any CPU
		{3B778CA7-302F-4838-B6DA-9193929403D7}.Release|Mixed Platforms.Build.0 = Release|Any CPU
		{3B778CA7-302F-4838-B6DA-9193929403D7}.Release|x86.ActiveCfg = Release|Any CPU
		{3B778CA7-302F-4838-B6DA-9193929403D7}.Release|x86.Build.0 = Release|Any CPU
		{3B79653F-FAF6-473C-A0FF-83076AD25FA2}.Debug|Any CPU.ActiveCfg = Debug|x86
		{3B79653F-FAF6-473C-A0FF-83076AD25FA2}.Debug|Mixed Platforms.ActiveCfg = Debug|x86
		{3B79653F-FAF6-473C-A0FF-83076AD25FA2}.Debug|Mixed Platforms.Build.0 = Debug|x86
		{3B79653F-FAF6-473C-A0FF-83076AD25FA2}.Debug|x86.ActiveCfg = Debug|x86
		{3B79653F-FAF6-473C-A0FF-83076AD25FA2}.Debug|x86.Build.0 = Debug|x86
		{3B79653F-FAF6-473C-A0FF-83076AD25FA2}.Release|Any CPU.ActiveCfg = Release|x86
		{3B79653F-FAF6-473C-A0FF-83076AD25FA2}.Release|Mixed Platforms.ActiveCfg = Release|x86
		{3B79653F-FAF6-473C-A0FF-83076AD25FA2}.Release|Mixed Platforms.Build.0 = Release|x86
		{3B79653F-FAF6-473C-A0FF-83076AD25FA2}.Release|x86.ActiveCfg = Release|x86
		{3B79653F-FAF6-473C-A0FF-83076AD25FA2}.Release|x86.Build.0 = Release|x86
		{3E0FBD2D-3E67-45BE-BCB0-B6B298718749}.Debug|Any CPU.ActiveCfg = Debug|Any CPU
		{3E0FBD2D-3E67-45BE-BCB0-B6B298718749}.Debug|Any CPU.Build.0 = Debug|Any CPU
		{3E0FBD2D-3E67-45BE-BCB0-B6B298718749}.Debug|Mixed Platforms.ActiveCfg = Debug|Any CPU
		{3E0FBD2D-3E67-45BE-BCB0-B6B298718749}.Debug|Mixed Platforms.Build.0 = Debug|Any CPU
		{3E0FBD2D-3E67-45BE-BCB0-B6B298718749}.Debug|x86.ActiveCfg = Debug|Any CPU
		{3E0FBD2D-3E67-45BE-BCB0-B6B298718749}.Debug|x86.Build.0 = Debug|Any CPU
		{3E0FBD2D-3E67-45BE-BCB0-B6B298718749}.Release|Any CPU.ActiveCfg = Release|Any CPU
		{3E0FBD2D-3E67-45BE-BCB0-B6B298718749}.Release|Any CPU.Build.0 = Release|Any CPU
		{3E0FBD2D-3E67-45BE-BCB0-B6B298718749}.Release|Mixed Platforms.ActiveCfg = Release|Any CPU
		{3E0FBD2D-3E67-45BE-BCB0-B6B298718749}.Release|Mixed Platforms.Build.0 = Release|Any CPU
		{3E0FBD2D-3E67-45BE-BCB0-B6B298718749}.Release|x86.ActiveCfg = Release|Any CPU
		{3E0FBD2D-3E67-45BE-BCB0-B6B298718749}.Release|x86.Build.0 = Release|Any CPU
		{5150E825-D811-4D68-8C0E-86A1F8573561}.Debug|Any CPU.ActiveCfg = Debug|Any CPU
		{5150E825-D811-4D68-8C0E-86A1F8573561}.Debug|Any CPU.Build.0 = Debug|Any CPU
		{5150E825-D811-4D68-8C0E-86A1F8573561}.Debug|Mixed Platforms.ActiveCfg = Debug|Any CPU
		{5150E825-D811-4D68-8C0E-86A1F8573561}.Debug|Mixed Platforms.Build.0 = Debug|Any CPU
		{5150E825-D811-4D68-8C0E-86A1F8573561}.Debug|x86.ActiveCfg = Debug|Any CPU
		{5150E825-D811-4D68-8C0E-86A1F8573561}.Debug|x86.Build.0 = Debug|Any CPU
		{5150E825-D811-4D68-8C0E-86A1F8573561}.Release|Any CPU.ActiveCfg = Release|Any CPU
		{5150E825-D811-4D68-8C0E-86A1F8573561}.Release|Any CPU.Build.0 = Release|Any CPU
		{5150E825-D811-4D68-8C0E-86A1F8573561}.Release|Mixed Platforms.ActiveCfg = Release|Any CPU
		{5150E825-D811-4D68-8C0E-86A1F8573561}.Release|Mixed Platforms.Build.0 = Release|Any CPU
		{5150E825-D811-4D68-8C0E-86A1F8573561}.Release|x86.ActiveCfg = Release|Any CPU
		{5150E825-D811-4D68-8C0E-86A1F8573561}.Release|x86.Build.0 = Release|Any CPU
		{565F9F9B-CAF0-4BF9-BA05-3006858EC0B7}.Debug|Any CPU.ActiveCfg = Debug|x86
		{565F9F9B-CAF0-4BF9-BA05-3006858EC0B7}.Debug|Mixed Platforms.ActiveCfg = Debug|x86
		{565F9F9B-CAF0-4BF9-BA05-3006858EC0B7}.Debug|Mixed Platforms.Build.0 = Debug|x86
		{565F9F9B-CAF0-4BF9-BA05-3006858EC0B7}.Debug|x86.ActiveCfg = Debug|x86
		{565F9F9B-CAF0-4BF9-BA05-3006858EC0B7}.Debug|x86.Build.0 = Debug|x86
		{565F9F9B-CAF0-4BF9-BA05-3006858EC0B7}.Release|Any CPU.ActiveCfg = Release|x86
		{565F9F9B-CAF0-4BF9-BA05-3006858EC0B7}.Release|Mixed Platforms.ActiveCfg = Release|x86
		{565F9F9B-CAF0-4BF9-BA05-3006858EC0B7}.Release|Mixed Platforms.Build.0 = Release|x86
		{565F9F9B-CAF0-4BF9-BA05-3006858EC0B7}.Release|x86.ActiveCfg = Release|x86
		{565F9F9B-CAF0-4BF9-BA05-3006858EC0B7}.Release|x86.Build.0 = Release|x86
		{61470166-2F65-41BD-9D9C-2C2C5F2DA6ED}.Debug|Any CPU.ActiveCfg = Debug|Any CPU
		{61470166-2F65-41BD-9D9C-2C2C5F2DA6ED}.Debug|Any CPU.Build.0 = Debug|Any CPU
		{61470166-2F65-41BD-9D9C-2C2C5F2DA6ED}.Debug|Mixed Platforms.ActiveCfg = Debug|Any CPU
		{61470166-2F65-41BD-9D9C-2C2C5F2DA6ED}.Debug|Mixed Platforms.Build.0 = Debug|Any CPU
		{61470166-2F65-41BD-9D9C-2C2C5F2DA6ED}.Debug|x86.ActiveCfg = Debug|Any CPU
		{61470166-2F65-41BD-9D9C-2C2C5F2DA6ED}.Debug|x86.Build.0 = Debug|Any CPU
		{61470166-2F65-41BD-9D9C-2C2C5F2DA6ED}.Release|Any CPU.ActiveCfg = Release|Any CPU
		{61470166-2F65-41BD-9D9C-2C2C5F2DA6ED}.Release|Any CPU.Build.0 = Release|Any CPU
		{61470166-2F65-41BD-9D9C-2C2C5F2DA6ED}.Release|Mixed Platforms.ActiveCfg = Release|Any CPU
		{61470166-2F65-41BD-9D9C-2C2C5F2DA6ED}.Release|Mixed Platforms.Build.0 = Release|Any CPU
		{61470166-2F65-41BD-9D9C-2C2C5F2DA6ED}.Release|x86.ActiveCfg = Release|Any CPU
		{61470166-2F65-41BD-9D9C-2C2C5F2DA6ED}.Release|x86.Build.0 = Release|Any CPU
		{71941514-6E26-489B-8843-EB9D273B95D2}.Debug|Any CPU.ActiveCfg = Debug|x86
		{71941514-6E26-489B-8843-EB9D273B95D2}.Debug|Mixed Platforms.ActiveCfg = Debug|x86
		{71941514-6E26-489B-8843-EB9D273B95D2}.Debug|Mixed Platforms.Build.0 = Debug|x86
		{71941514-6E26-489B-8843-EB9D273B95D2}.Debug|x86.ActiveCfg = Debug|x86
		{71941514-6E26-489B-8843-EB9D273B95D2}.Debug|x86.Build.0 = Debug|x86
		{71941514-6E26-489B-8843-EB9D273B95D2}.Release|Any CPU.ActiveCfg = Release|x86
		{71941514-6E26-489B-8843-EB9D273B95D2}.Release|Mixed Platforms.ActiveCfg = Release|x86
		{71941514-6E26-489B-8843-EB9D273B95D2}.Release|Mixed Platforms.Build.0 = Release|x86
		{71941514-6E26-489B-8843-EB9D273B95D2}.Release|x86.ActiveCfg = Release|x86
		{71941514-6E26-489B-8843-EB9D273B95D2}.Release|x86.Build.0 = Release|x86
		{82C03E10-075F-411C-A1F1-D5506C62BE1C}.Debug|Any CPU.ActiveCfg = Debug|Any CPU
		{82C03E10-075F-411C-A1F1-D5506C62BE1C}.Debug|Any CPU.Build.0 = Debug|Any CPU
		{82C03E10-075F-411C-A1F1-D5506C62BE1C}.Debug|Mixed Platforms.ActiveCfg = Debug|Any CPU
		{82C03E10-075F-411C-A1F1-D5506C62BE1C}.Debug|Mixed Platforms.Build.0 = Debug|Any CPU
		{82C03E10-075F-411C-A1F1-D5506C62BE1C}.Debug|x86.ActiveCfg = Debug|Any CPU
		{82C03E10-075F-411C-A1F1-D5506C62BE1C}.Debug|x86.Build.0 = Debug|Any CPU
		{82C03E10-075F-411C-A1F1-D5506C62BE1C}.Release|Any CPU.ActiveCfg = Release|Any CPU
		{82C03E10-075F-411C-A1F1-D5506C62BE1C}.Release|Any CPU.Build.0 = Release|Any CPU
		{82C03E10-075F-411C-A1F1-D5506C62BE1C}.Release|Mixed Platforms.ActiveCfg = Release|Any CPU
		{82C03E10-075F-411C-A1F1-D5506C62BE1C}.Release|Mixed Platforms.Build.0 = Release|Any CPU
		{82C03E10-075F-411C-A1F1-D5506C62BE1C}.Release|x86.ActiveCfg = Release|Any CPU
		{82C03E10-075F-411C-A1F1-D5506C62BE1C}.Release|x86.Build.0 = Release|Any CPU
		{882174F5-0B72-4DF3-997F-BD2EB16C6E6C}.Debug|Any CPU.ActiveCfg = Debug|Any CPU
		{882174F5-0B72-4DF3-997F-BD2EB16C6E6C}.Debug|Any CPU.Build.0 = Debug|Any CPU
		{882174F5-0B72-4DF3-997F-BD2EB16C6E6C}.Debug|Mixed Platforms.ActiveCfg = Debug|Any CPU
		{882174F5-0B72-4DF3-997F-BD2EB16C6E6C}.Debug|Mixed Platforms.Build.0 = Debug|Any CPU
		{882174F5-0B72-4DF3-997F-BD2EB16C6E6C}.Debug|x86.ActiveCfg = Debug|Any CPU
		{882174F5-0B72-4DF3-997F-BD2EB16C6E6C}.Debug|x86.Build.0 = Debug|Any CPU
		{882174F5-0B72-4DF3-997F-BD2EB16C6E6C}.Release|Any CPU.ActiveCfg = Release|Any CPU
		{882174F5-0B72-4DF3-997F-BD2EB16C6E6C}.Release|Any CPU.Build.0 = Release|Any CPU
		{882174F5-0B72-4DF3-997F-BD2EB16C6E6C}.Release|Mixed Platforms.ActiveCfg = Release|Any CPU
		{882174F5-0B72-4DF3-997F-BD2EB16C6E6C}.Release|Mixed Platforms.Build.0 = Release|Any CPU
		{882174F5-0B72-4DF3-997F-BD2EB16C6E6C}.Release|x86.ActiveCfg = Release|Any CPU
		{882174F5-0B72-4DF3-997F-BD2EB16C6E6C}.Release|x86.Build.0 = Release|Any CPU
		{8DB7F7B2-793B-4434-8910-9138C9492174}.Debug|Any CPU.ActiveCfg = Debug|x86
		{8DB7F7B2-793B-4434-8910-9138C9492174}.Debug|Any CPU.Build.0 = Debug|x86
		{8DB7F7B2-793B-4434-8910-9138C9492174}.Debug|Mixed Platforms.ActiveCfg = Debug|x86
		{8DB7F7B2-793B-4434-8910-9138C9492174}.Debug|Mixed Platforms.Build.0 = Debug|x86
		{8DB7F7B2-793B-4434-8910-9138C9492174}.Debug|x86.ActiveCfg = Debug|x86
		{8DB7F7B2-793B-4434-8910-9138C9492174}.Debug|x86.Build.0 = Debug|x86
		{8DB7F7B2-793B-4434-8910-9138C9492174}.Release|Any CPU.ActiveCfg = Release|x86
		{8DB7F7B2-793B-4434-8910-9138C9492174}.Release|Any CPU.Build.0 = Release|x86
		{8DB7F7B2-793B-4434-8910-9138C9492174}.Release|Mixed Platforms.ActiveCfg = Release|x86
		{8DB7F7B2-793B-4434-8910-9138C9492174}.Release|Mixed Platforms.Build.0 = Release|x86
		{8DB7F7B2-793B-4434-8910-9138C9492174}.Release|x86.ActiveCfg = Release|x86
		{8DB7F7B2-793B-4434-8910-9138C9492174}.Release|x86.Build.0 = Release|x86
		{926EE758-EDA5-4B92-BFE8-419C54909810}.Debug|Any CPU.ActiveCfg = Debug|Any CPU
		{926EE758-EDA5-4B92-BFE8-419C54909810}.Debug|Any CPU.Build.0 = Debug|Any CPU
		{926EE758-EDA5-4B92-BFE8-419C54909810}.Debug|Mixed Platforms.ActiveCfg = Debug|Any CPU
		{926EE758-EDA5-4B92-BFE8-419C54909810}.Debug|Mixed Platforms.Build.0 = Debug|Any CPU
		{926EE758-EDA5-4B92-BFE8-419C54909810}.Debug|x86.ActiveCfg = Debug|Any CPU
		{926EE758-EDA5-4B92-BFE8-419C54909810}.Debug|x86.Build.0 = Debug|Any CPU
		{926EE758-EDA5-4B92-BFE8-419C54909810}.Release|Any CPU.ActiveCfg = Release|Any CPU
		{926EE758-EDA5-4B92-BFE8-419C54909810}.Release|Any CPU.Build.0 = Release|Any CPU
		{926EE758-EDA5-4B92-BFE8-419C54909810}.Release|Mixed Platforms.ActiveCfg = Release|Any CPU
		{926EE758-EDA5-4B92-BFE8-419C54909810}.Release|Mixed Platforms.Build.0 = Release|Any CPU
		{926EE758-EDA5-4B92-BFE8-419C54909810}.Release|x86.ActiveCfg = Release|Any CPU
		{926EE758-EDA5-4B92-BFE8-419C54909810}.Release|x86.Build.0 = Release|Any CPU
		{96366AA1-1EFF-482D-BEE1-A71DE5E30EC2}.Debug|Any CPU.ActiveCfg = Debug|x86
		{96366AA1-1EFF-482D-BEE1-A71DE5E30EC2}.Debug|Any CPU.Build.0 = Debug|x86
		{96366AA1-1EFF-482D-BEE1-A71DE5E30EC2}.Debug|Mixed Platforms.ActiveCfg = Debug|x86
		{96366AA1-1EFF-482D-BEE1-A71DE5E30EC2}.Debug|Mixed Platforms.Build.0 = Debug|x86
		{96366AA1-1EFF-482D-BEE1-A71DE5E30EC2}.Debug|x86.ActiveCfg = Debug|x86
		{96366AA1-1EFF-482D-BEE1-A71DE5E30EC2}.Debug|x86.Build.0 = Debug|x86
		{96366AA1-1EFF-482D-BEE1-A71DE5E30EC2}.Release|Any CPU.ActiveCfg = Release|x86
		{96366AA1-1EFF-482D-BEE1-A71DE5E30EC2}.Release|Any CPU.Build.0 = Release|x86
		{96366AA1-1EFF-482D-BEE1-A71DE5E30EC2}.Release|Mixed Platforms.ActiveCfg = Release|x86
		{96366AA1-1EFF-482D-BEE1-A71DE5E30EC2}.Release|Mixed Platforms.Build.0 = Release|x86
		{96366AA1-1EFF-482D-BEE1-A71DE5E30EC2}.Release|x86.ActiveCfg = Release|x86
		{96366AA1-1EFF-482D-BEE1-A71DE5E30EC2}.Release|x86.Build.0 = Release|x86
		{A6BE9C65-1637-4E97-A08C-F479621A20AF}.Debug|Any CPU.ActiveCfg = Debug|Any CPU
		{A6BE9C65-1637-4E97-A08C-F479621A20AF}.Debug|Any CPU.Build.0 = Debug|Any CPU
		{A6BE9C65-1637-4E97-A08C-F479621A20AF}.Debug|Mixed Platforms.ActiveCfg = Debug|Any CPU
		{A6BE9C65-1637-4E97-A08C-F479621A20AF}.Debug|Mixed Platforms.Build.0 = Debug|Any CPU
		{A6BE9C65-1637-4E97-A08C-F479621A20AF}.Debug|x86.ActiveCfg = Debug|Any CPU
		{A6BE9C65-1637-4E97-A08C-F479621A20AF}.Debug|x86.Build.0 = Debug|Any CPU
		{A6BE9C65-1637-4E97-A08C-F479621A20AF}.Release|Any CPU.ActiveCfg = Release|Any CPU
		{A6BE9C65-1637-4E97-A08C-F479621A20AF}.Release|Any CPU.Build.0 = Release|Any CPU
		{A6BE9C65-1637-4E97-A08C-F479621A20AF}.Release|Mixed Platforms.ActiveCfg = Release|Any CPU
		{A6BE9C65-1637-4E97-A08C-F479621A20AF}.Release|Mixed Platforms.Build.0 = Release|Any CPU
		{A6BE9C65-1637-4E97-A08C-F479621A20AF}.Release|x86.ActiveCfg = Release|Any CPU
		{A6BE9C65-1637-4E97-A08C-F479621A20AF}.Release|x86.Build.0 = Release|Any CPU
		{B30BE9E6-097E-4DC0-91EE-4DDDA35F8905}.Debug|Any CPU.ActiveCfg = Debug|x86
		{B30BE9E6-097E-4DC0-91EE-4DDDA35F8905}.Debug|Mixed Platforms.ActiveCfg = Debug|x86
		{B30BE9E6-097E-4DC0-91EE-4DDDA35F8905}.Debug|Mixed Platforms.Build.0 = Debug|x86
		{B30BE9E6-097E-4DC0-91EE-4DDDA35F8905}.Debug|x86.ActiveCfg = Debug|x86
		{B30BE9E6-097E-4DC0-91EE-4DDDA35F8905}.Debug|x86.Build.0 = Debug|x86
		{B30BE9E6-097E-4DC0-91EE-4DDDA35F8905}.Release|Any CPU.ActiveCfg = Release|x86
		{B30BE9E6-097E-4DC0-91EE-4DDDA35F8905}.Release|Mixed Platforms.ActiveCfg = Release|x86
		{B30BE9E6-097E-4DC0-91EE-4DDDA35F8905}.Release|Mixed Platforms.Build.0 = Release|x86
		{B30BE9E6-097E-4DC0-91EE-4DDDA35F8905}.Release|x86.ActiveCfg = Release|x86
		{B30BE9E6-097E-4DC0-91EE-4DDDA35F8905}.Release|x86.Build.0 = Release|x86
		{BBAB869E-5255-4A18-B821-AB86DE0039D5}.Debug|Any CPU.ActiveCfg = Debug|x86
		{BBAB869E-5255-4A18-B821-AB86DE0039D5}.Debug|Any CPU.Build.0 = Debug|x86
		{BBAB869E-5255-4A18-B821-AB86DE0039D5}.Debug|Mixed Platforms.ActiveCfg = Debug|x86
		{BBAB869E-5255-4A18-B821-AB86DE0039D5}.Debug|Mixed Platforms.Build.0 = Debug|x86
		{BBAB869E-5255-4A18-B821-AB86DE0039D5}.Debug|x86.ActiveCfg = Debug|x86
		{BBAB869E-5255-4A18-B821-AB86DE0039D5}.Debug|x86.Build.0 = Debug|x86
		{BBAB869E-5255-4A18-B821-AB86DE0039D5}.Release|Any CPU.ActiveCfg = Release|x86
		{BBAB869E-5255-4A18-B821-AB86DE0039D5}.Release|Any CPU.Build.0 = Release|x86
		{BBAB869E-5255-4A18-B821-AB86DE0039D5}.Release|Mixed Platforms.ActiveCfg = Release|x86
		{BBAB869E-5255-4A18-B821-AB86DE0039D5}.Release|Mixed Platforms.Build.0 = Release|x86
		{BBAB869E-5255-4A18-B821-AB86DE0039D5}.Release|x86.ActiveCfg = Release|x86
		{BBAB869E-5255-4A18-B821-AB86DE0039D5}.Release|x86.Build.0 = Release|x86
		{CEA736B0-9A43-44FF-A369-C9D310C9C238}.Debug|Any CPU.ActiveCfg = Debug|x86
		{CEA736B0-9A43-44FF-A369-C9D310C9C238}.Debug|Mixed Platforms.ActiveCfg = Debug|x86
		{CEA736B0-9A43-44FF-A369-C9D310C9C238}.Debug|Mixed Platforms.Build.0 = Debug|x86
		{CEA736B0-9A43-44FF-A369-C9D310C9C238}.Debug|x86.ActiveCfg = Debug|x86
		{CEA736B0-9A43-44FF-A369-C9D310C9C238}.Debug|x86.Build.0 = Debug|x86
		{CEA736B0-9A43-44FF-A369-C9D310C9C238}.Release|Any CPU.ActiveCfg = Release|x86
		{CEA736B0-9A43-44FF-A369-C9D310C9C238}.Release|Mixed Platforms.ActiveCfg = Release|x86
		{CEA736B0-9A43-44FF-A369-C9D310C9C238}.Release|Mixed Platforms.Build.0 = Release|x86
		{CEA736B0-9A43-44FF-A369-C9D310C9C238}.Release|x86.ActiveCfg = Release|x86
		{CEA736B0-9A43-44FF-A369-C9D310C9C238}.Release|x86.Build.0 = Release|x86
		{D23FF46D-261C-470C-8A5B-E288A2355430}.Debug|Any CPU.ActiveCfg = Debug|Any CPU
		{D23FF46D-261C-470C-8A5B-E288A2355430}.Debug|Any CPU.Build.0 = Debug|Any CPU
		{D23FF46D-261C-470C-8A5B-E288A2355430}.Debug|Mixed Platforms.ActiveCfg = Debug|Any CPU
		{D23FF46D-261C-470C-8A5B-E288A2355430}.Debug|Mixed Platforms.Build.0 = Debug|Any CPU
		{D23FF46D-261C-470C-8A5B-E288A2355430}.Debug|x86.ActiveCfg = Debug|Any CPU
		{D23FF46D-261C-470C-8A5B-E288A2355430}.Debug|x86.Build.0 = Debug|Any CPU
		{D23FF46D-261C-470C-8A5B-E288A2355430}.Release|Any CPU.ActiveCfg = Release|Any CPU
		{D23FF46D-261C-470C-8A5B-E288A2355430}.Release|Any CPU.Build.0 = Release|Any CPU
		{D23FF46D-261C-470C-8A5B-E288A2355430}.Release|Mixed Platforms.ActiveCfg = Release|Any CPU
		{D23FF46D-261C-470C-8A5B-E288A2355430}.Release|Mixed Platforms.Build.0 = Release|Any CPU
		{D23FF46D-261C-470C-8A5B-E288A2355430}.Release|x86.ActiveCfg = Release|Any CPU
		{D23FF46D-261C-470C-8A5B-E288A2355430}.Release|x86.Build.0 = Release|Any CPU
		{E53A7020-0343-4C86-936B-5076B167E2AD}.Debug|Any CPU.ActiveCfg = Debug|Any CPU
		{E53A7020-0343-4C86-936B-5076B167E2AD}.Debug|Any CPU.Build.0 = Debug|Any CPU
		{E53A7020-0343-4C86-936B-5076B167E2AD}.Debug|Mixed Platforms.ActiveCfg = Debug|Any CPU
		{E53A7020-0343-4C86-936B-5076B167E2AD}.Debug|Mixed Platforms.Build.0 = Debug|Any CPU
		{E53A7020-0343-4C86-936B-5076B167E2AD}.Debug|x86.ActiveCfg = Debug|Any CPU
		{E53A7020-0343-4C86-936B-5076B167E2AD}.Debug|x86.Build.0 = Debug|Any CPU
		{E53A7020-0343-4C86-936B-5076B167E2AD}.Release|Any CPU.ActiveCfg = Release|Any CPU
		{E53A7020-0343-4C86-936B-5076B167E2AD}.Release|Any CPU.Build.0 = Release|Any CPU
		{E53A7020-0343-4C86-936B-5076B167E2AD}.Release|Mixed Platforms.ActiveCfg = Release|Any CPU
		{E53A7020-0343-4C86-936B-5076B167E2AD}.Release|Mixed Platforms.Build.0 = Release|Any CPU
		{E53A7020-0343-4C86-936B-5076B167E2AD}.Release|x86.ActiveCfg = Release|Any CPU
		{E53A7020-0343-4C86-936B-5076B167E2AD}.Release|x86.Build.0 = Release|Any CPU
		{E7552B0B-3C50-4739-8AE5-25768BAC332D}.Debug|Any CPU.ActiveCfg = Debug|x86
		{E7552B0B-3C50-4739-8AE5-25768BAC332D}.Debug|Mixed Platforms.ActiveCfg = Debug|x86
		{E7552B0B-3C50-4739-8AE5-25768BAC332D}.Debug|Mixed Platforms.Build.0 = Debug|x86
		{E7552B0B-3C50-4739-8AE5-25768BAC332D}.Debug|x86.ActiveCfg = Debug|x86
		{E7552B0B-3C50-4739-8AE5-25768BAC332D}.Debug|x86.Build.0 = Debug|x86
		{E7552B0B-3C50-4739-8AE5-25768BAC332D}.Release|Any CPU.ActiveCfg = Release|x86
		{E7552B0B-3C50-4739-8AE5-25768BAC332D}.Release|Mixed Platforms.ActiveCfg = Release|x86
		{E7552B0B-3C50-4739-8AE5-25768BAC332D}.Release|Mixed Platforms.Build.0 = Release|x86
		{E7552B0B-3C50-4739-8AE5-25768BAC332D}.Release|x86.ActiveCfg = Release|x86
		{E7552B0B-3C50-4739-8AE5-25768BAC332D}.Release|x86.Build.0 = Release|x86
		{F1256681-1F4E-495B-A32C-3D5662E78FCC}.Debug|Any CPU.ActiveCfg = Debug|x86
		{F1256681-1F4E-495B-A32C-3D5662E78FCC}.Debug|Mixed Platforms.ActiveCfg = Debug|x86
		{F1256681-1F4E-495B-A32C-3D5662E78FCC}.Debug|Mixed Platforms.Build.0 = Debug|x86
		{F1256681-1F4E-495B-A32C-3D5662E78FCC}.Debug|x86.ActiveCfg = Debug|x86
		{F1256681-1F4E-495B-A32C-3D5662E78FCC}.Debug|x86.Build.0 = Debug|x86
		{F1256681-1F4E-495B-A32C-3D5662E78FCC}.Release|Any CPU.ActiveCfg = Release|x86
		{F1256681-1F4E-495B-A32C-3D5662E78FCC}.Release|Mixed Platforms.ActiveCfg = Release|x86
		{F1256681-1F4E-495B-A32C-3D5662E78FCC}.Release|Mixed Platforms.Build.0 = Release|x86
		{F1256681-1F4E-495B-A32C-3D5662E78FCC}.Release|x86.ActiveCfg = Release|x86
		{F1256681-1F4E-495B-A32C-3D5662E78FCC}.Release|x86.Build.0 = Release|x86
		{F63C284C-18CF-4838-BFD0-A7372DA68B5F}.Debug|Any CPU.ActiveCfg = Debug|Any CPU
		{F63C284C-18CF-4838-BFD0-A7372DA68B5F}.Debug|Any CPU.Build.0 = Debug|Any CPU
		{F63C284C-18CF-4838-BFD0-A7372DA68B5F}.Debug|Mixed Platforms.ActiveCfg = Debug|Any CPU
		{F63C284C-18CF-4838-BFD0-A7372DA68B5F}.Debug|Mixed Platforms.Build.0 = Debug|Any CPU
		{F63C284C-18CF-4838-BFD0-A7372DA68B5F}.Debug|x86.ActiveCfg = Debug|Any CPU
		{F63C284C-18CF-4838-BFD0-A7372DA68B5F}.Debug|x86.Build.0 = Debug|Any CPU
		{F63C284C-18CF-4838-BFD0-A7372DA68B5F}.Release|Any CPU.ActiveCfg = Release|Any CPU
		{F63C284C-18CF-4838-BFD0-A7372DA68B5F}.Release|Any CPU.Build.0 = Release|Any CPU
		{F63C284C-18CF-4838-BFD0-A7372DA68B5F}.Release|Mixed Platforms.ActiveCfg = Release|Any CPU
		{F63C284C-18CF-4838-BFD0-A7372DA68B5F}.Release|Mixed Platforms.Build.0 = Release|Any CPU
		{F63C284C-18CF-4838-BFD0-A7372DA68B5F}.Release|x86.ActiveCfg = Release|Any CPU
		{F63C284C-18CF-4838-BFD0-A7372DA68B5F}.Release|x86.Build.0 = Release|Any CPU
		{F70D0BA1-7DD0-4AB5-AD42-F70A073716F7}.Debug|Any CPU.ActiveCfg = Debug|x86
		{F70D0BA1-7DD0-4AB5-AD42-F70A073716F7}.Debug|Mixed Platforms.ActiveCfg = Debug|x86
		{F70D0BA1-7DD0-4AB5-AD42-F70A073716F7}.Debug|Mixed Platforms.Build.0 = Debug|x86
		{F70D0BA1-7DD0-4AB5-AD42-F70A073716F7}.Debug|x86.ActiveCfg = Debug|x86
		{F70D0BA1-7DD0-4AB5-AD42-F70A073716F7}.Debug|x86.Build.0 = Debug|x86
		{F70D0BA1-7DD0-4AB5-AD42-F70A073716F7}.Release|Any CPU.ActiveCfg = Release|x86
		{F70D0BA1-7DD0-4AB5-AD42-F70A073716F7}.Release|Mixed Platforms.ActiveCfg = Release|x86
		{F70D0BA1-7DD0-4AB5-AD42-F70A073716F7}.Release|Mixed Platforms.Build.0 = Release|x86
		{F70D0BA1-7DD0-4AB5-AD42-F70A073716F7}.Release|x86.ActiveCfg = Release|x86
		{F70D0BA1-7DD0-4AB5-AD42-F70A073716F7}.Release|x86.Build.0 = Release|x86
		{FF8D208B-A1BE-4418-A2C2-B7A9625EE34C}.Debug|Any CPU.ActiveCfg = Debug|Any CPU
		{FF8D208B-A1BE-4418-A2C2-B7A9625EE34C}.Debug|Any CPU.Build.0 = Debug|Any CPU
		{FF8D208B-A1BE-4418-A2C2-B7A9625EE34C}.Debug|Mixed Platforms.ActiveCfg = Debug|Any CPU
		{FF8D208B-A1BE-4418-A2C2-B7A9625EE34C}.Debug|Mixed Platforms.Build.0 = Debug|Any CPU
		{FF8D208B-A1BE-4418-A2C2-B7A9625EE34C}.Debug|x86.ActiveCfg = Debug|Any CPU
		{FF8D208B-A1BE-4418-A2C2-B7A9625EE34C}.Debug|x86.Build.0 = Debug|Any CPU
		{FF8D208B-A1BE-4418-A2C2-B7A9625EE34C}.Release|Any CPU.ActiveCfg = Release|Any CPU
		{FF8D208B-A1BE-4418-A2C2-B7A9625EE34C}.Release|Any CPU.Build.0 = Release|Any CPU
		{FF8D208B-A1BE-4418-A2C2-B7A9625EE34C}.Release|Mixed Platforms.ActiveCfg = Release|Any CPU
		{FF8D208B-A1BE-4418-A2C2-B7A9625EE34C}.Release|Mixed Platforms.Build.0 = Release|Any CPU
		{FF8D208B-A1BE-4418-A2C2-B7A9625EE34C}.Release|x86.ActiveCfg = Release|Any CPU
		{FF8D208B-A1BE-4418-A2C2-B7A9625EE34C}.Release|x86.Build.0 = Release|Any CPU
	EndGlobalSection
	GlobalSection(NestedProjects) = preSolution
		{2373B331-53BD-4DE9-A2E1-DBD778190FAF} = {E01B11F2-BA7F-4DBA-808D-957047B442F7}
		{B30BE9E6-097E-4DC0-91EE-4DDDA35F8905} = {E01B11F2-BA7F-4DBA-808D-957047B442F7}
		{0B05C9EA-1DD4-4526-80C6-EF7F98B9F27F} = {E01B11F2-BA7F-4DBA-808D-957047B442F7}
		{71941514-6E26-489B-8843-EB9D273B95D2} = {E01B11F2-BA7F-4DBA-808D-957047B442F7}
		{565F9F9B-CAF0-4BF9-BA05-3006858EC0B7} = {E01B11F2-BA7F-4DBA-808D-957047B442F7}
		{F1256681-1F4E-495B-A32C-3D5662E78FCC} = {E01B11F2-BA7F-4DBA-808D-957047B442F7}
		{2CE6D7B3-06C0-4917-A5EA-329A20C0BBE3} = {E01B11F2-BA7F-4DBA-808D-957047B442F7}
		{3B79653F-FAF6-473C-A0FF-83076AD25FA2} = {E01B11F2-BA7F-4DBA-808D-957047B442F7}
		{0C1CD442-2BE8-49B9-BBE2-A51ABB686695} = {E01B11F2-BA7F-4DBA-808D-957047B442F7}
		{19B757DE-C733-450B-A392-263363278C6F} = {E01B11F2-BA7F-4DBA-808D-957047B442F7}
		{8DB7F7B2-793B-4434-8910-9138C9492174} = {E01B11F2-BA7F-4DBA-808D-957047B442F7}
		{BBAB869E-5255-4A18-B821-AB86DE0039D5} = {E01B11F2-BA7F-4DBA-808D-957047B442F7}
		{96366AA1-1EFF-482D-BEE1-A71DE5E30EC2} = {E01B11F2-BA7F-4DBA-808D-957047B442F7}
		{82C03E10-075F-411C-A1F1-D5506C62BE1C} = {F0AC8500-342F-4EA5-9649-3A3CAC990066}
		{61470166-2F65-41BD-9D9C-2C2C5F2DA6ED} = {F0AC8500-342F-4EA5-9649-3A3CAC990066}
		{926EE758-EDA5-4B92-BFE8-419C54909810} = {F0AC8500-342F-4EA5-9649-3A3CAC990066}
		{5150E825-D811-4D68-8C0E-86A1F8573561} = {F0AC8500-342F-4EA5-9649-3A3CAC990066}
		{3B778CA7-302F-4838-B6DA-9193929403D7} = {F0AC8500-342F-4EA5-9649-3A3CAC990066}
		{882174F5-0B72-4DF3-997F-BD2EB16C6E6C} = {F0AC8500-342F-4EA5-9649-3A3CAC990066}
		{D23FF46D-261C-470C-8A5B-E288A2355430} = {F0AC8500-342F-4EA5-9649-3A3CAC990066}
		{FF8D208B-A1BE-4418-A2C2-B7A9625EE34C} = {F0AC8500-342F-4EA5-9649-3A3CAC990066}
		{E53A7020-0343-4C86-936B-5076B167E2AD} = {F0AC8500-342F-4EA5-9649-3A3CAC990066}
		{3E0FBD2D-3E67-45BE-BCB0-B6B298718749} = {55F13B97-EEC4-4F2A-B870-22346B6236AB}
		{A6BE9C65-1637-4E97-A08C-F479621A20AF} = {55F13B97-EEC4-4F2A-B870-22346B6236AB}
		{F63C284C-18CF-4838-BFD0-A7372DA68B5F} = {55F13B97-EEC4-4F2A-B870-22346B6236AB}
	EndGlobalSection
	GlobalSection(MonoDevelopProperties) = preSolution
		Policies = $0
		$0.DotNetNamingPolicy = $1
		$1.DirectoryNamespaceAssociation = None
		$1.ResourceNamePolicy = FileFormatDefault
		$0.TextStylePolicy = $2
		$2.FileWidth = 120
		$2.TabsToSpaces = False
		$2.inheritsSet = VisualStudio
		$2.inheritsScope = text/plain
	EndGlobalSection
    GlobalSection(SolutionProperties) = preSolution
        HideSolutionNode = FALSE
    EndGlobalSection
EndGlobal
