
Microsoft Visual Studio Solution File, Format Version 12.00
# Visual Studio 2012
Project("{2150E333-8FDC-42A3-9474-1A3956D46DE8}") = "Samples", "Samples", "{E01B11F2-BA7F-4DBA-808D-957047B442F7}"
EndProject
Project("{FAE04EC0-301F-11D3-BF4B-00C04F79EFBC}") = "AstParse", "Samples\AstParse\AstParse.csproj", "{7F56804C-27A5-4D71-BC60-06280B85D050}"
EndProject
Project("{FAE04EC0-301F-11D3-BF4B-00C04F79EFBC}") = "DrawCanvas", "Samples\DrawCanvas\DrawCanvas.csproj", "{2373B331-53BD-4DE9-A2E1-DBD778190FAF}"
EndProject
Project("{FAE04EC0-301F-11D3-BF4B-00C04F79EFBC}") = "GraphView", "Samples\GraphView\GraphView.csproj", "{B30BE9E6-097E-4DC0-91EE-4DDDA35F8905}"
EndProject
Project("{FAE04EC0-301F-11D3-BF4B-00C04F79EFBC}") = "TaskGen", "Samples\TaskGen\TaskGen.csproj", "{0B05C9EA-1DD4-4526-80C6-EF7F98B9F27F}"
EndProject
Project("{FAE04EC0-301F-11D3-BF4B-00C04F79EFBC}") = "Geometry", "Samples\Geometry\Geometry.csproj", "{71941514-6E26-489B-8843-EB9D273B95D2}"
EndProject
Project("{FAE04EC0-301F-11D3-BF4B-00C04F79EFBC}") = "ClientServerCommunication", "Samples\ClientServerCommunication\ClientServerCommunication.csproj", "{565F9F9B-CAF0-4BF9-BA05-3006858EC0B7}"
EndProject
Project("{FAE04EC0-301F-11D3-BF4B-00C04F79EFBC}") = "ImportExport", "Samples\ImportExport\ImportExport.csproj", "{F1256681-1F4E-495B-A32C-3D5662E78FCC}"
EndProject
Project("{FAE04EC0-301F-11D3-BF4B-00C04F79EFBC}") = "GraphicalImportExport", "Samples\GraphicalImportExport\GraphicalImportExport.csproj", "{2CE6D7B3-06C0-4917-A5EA-329A20C0BBE3}"
EndProject
Project("{2150E333-8FDC-42A3-9474-1A3956D46DE8}") = "Libraries", "Libraries", "{F0AC8500-342F-4EA5-9649-3A3CAC990066}"
EndProject
Project("{FAE04EC0-301F-11D3-BF4B-00C04F79EFBC}") = "Ast", "Libraries\Ast\Ast.csproj", "{82C03E10-075F-411C-A1F1-D5506C62BE1C}"
EndProject
Project("{FAE04EC0-301F-11D3-BF4B-00C04F79EFBC}") = "Graph", "Libraries\Graph\Graph.csproj", "{61470166-2F65-41BD-9D9C-2C2C5F2DA6ED}"
EndProject
Project("{FAE04EC0-301F-11D3-BF4B-00C04F79EFBC}") = "Account", "Libraries\Account\Account.csproj", "{926EE758-EDA5-4B92-BFE8-419C54909810}"
EndProject
Project("{FAE04EC0-301F-11D3-BF4B-00C04F79EFBC}") = "ImEx", "Libraries\ImEx\ImEx.csproj", "{5150E825-D811-4D68-8C0E-86A1F8573561}"
EndProject
Project("{2150E333-8FDC-42A3-9474-1A3956D46DE8}") = "Tests", "Tests", "{55F13B97-EEC4-4F2A-B870-22346B6236AB}"
EndProject
Project("{FAE04EC0-301F-11D3-BF4B-00C04F79EFBC}") = "Ast.Tests", "Tests\Ast.Tests\Ast.Tests.csproj", "{3E0FBD2D-3E67-45BE-BCB0-B6B298718749}"
EndProject
Project("{FAE04EC0-301F-11D3-BF4B-00C04F79EFBC}") = "CAS.NET.Desktop", "CAS.NET.Desktop\CAS.NET.Desktop.csproj", "{F70D0BA1-7DD0-4AB5-AD42-F70A073716F7}"
EndProject
Project("{FAE04EC0-301F-11D3-BF4B-00C04F79EFBC}") = "CAS.NET.Mobile", "CAS.NET.Mobile\CAS.NET.Mobile.csproj", "{E7552B0B-3C50-4739-8AE5-25768BAC332D}"
EndProject
Project("{2150E333-8FDC-42A3-9474-1A3956D46DE8}") = "Ressources", "Ressources", "{5481AAC8-C613-4063-9106-01712CD51B20}"
	ProjectSection(SolutionItems) = preProject
		Ressources\calcy.png = Ressources\calcy.png
	EndProjectSection
EndProject
Project("{FAE04EC0-301F-11D3-BF4B-00C04F79EFBC}") = "CAS.NET.Server", "CAS.NET.Server\CAS.NET.Server.csproj", "{CEA736B0-9A43-44FF-A369-C9D310C9C238}"
EndProject
Global
	GlobalSection(SolutionConfigurationPlatforms) = preSolution
		Debug|x86 = Debug|x86
		Release|x86 = Release|x86
	EndGlobalSection
	GlobalSection(ProjectConfigurationPlatforms) = postSolution
		{0B05C9EA-1DD4-4526-80C6-EF7F98B9F27F}.Debug|x86.ActiveCfg = Debug|x86
		{0B05C9EA-1DD4-4526-80C6-EF7F98B9F27F}.Debug|x86.Build.0 = Debug|x86
		{0B05C9EA-1DD4-4526-80C6-EF7F98B9F27F}.Release|x86.ActiveCfg = Release|x86
		{0B05C9EA-1DD4-4526-80C6-EF7F98B9F27F}.Release|x86.Build.0 = Release|x86
		{2373B331-53BD-4DE9-A2E1-DBD778190FAF}.Debug|x86.ActiveCfg = Debug|x86
		{2373B331-53BD-4DE9-A2E1-DBD778190FAF}.Debug|x86.Build.0 = Debug|x86
		{2373B331-53BD-4DE9-A2E1-DBD778190FAF}.Release|x86.ActiveCfg = Release|x86
		{2373B331-53BD-4DE9-A2E1-DBD778190FAF}.Release|x86.Build.0 = Release|x86
		{2CE6D7B3-06C0-4917-A5EA-329A20C0BBE3}.Debug|x86.ActiveCfg = Debug|x86
		{2CE6D7B3-06C0-4917-A5EA-329A20C0BBE3}.Debug|x86.Build.0 = Debug|x86
		{2CE6D7B3-06C0-4917-A5EA-329A20C0BBE3}.Release|x86.ActiveCfg = Release|x86
		{2CE6D7B3-06C0-4917-A5EA-329A20C0BBE3}.Release|x86.Build.0 = Release|x86
		{3E0FBD2D-3E67-45BE-BCB0-B6B298718749}.Debug|x86.ActiveCfg = Debug|Any CPU
		{3E0FBD2D-3E67-45BE-BCB0-B6B298718749}.Debug|x86.Build.0 = Debug|Any CPU
		{3E0FBD2D-3E67-45BE-BCB0-B6B298718749}.Release|x86.ActiveCfg = Release|Any CPU
		{3E0FBD2D-3E67-45BE-BCB0-B6B298718749}.Release|x86.Build.0 = Release|Any CPU
		{5150E825-D811-4D68-8C0E-86A1F8573561}.Debug|x86.ActiveCfg = Debug|Any CPU
		{5150E825-D811-4D68-8C0E-86A1F8573561}.Debug|x86.Build.0 = Debug|Any CPU
		{5150E825-D811-4D68-8C0E-86A1F8573561}.Release|x86.ActiveCfg = Release|Any CPU
		{5150E825-D811-4D68-8C0E-86A1F8573561}.Release|x86.Build.0 = Release|Any CPU
		{565F9F9B-CAF0-4BF9-BA05-3006858EC0B7}.Debug|x86.ActiveCfg = Debug|x86
		{565F9F9B-CAF0-4BF9-BA05-3006858EC0B7}.Debug|x86.Build.0 = Debug|x86
		{565F9F9B-CAF0-4BF9-BA05-3006858EC0B7}.Release|x86.ActiveCfg = Release|x86
		{565F9F9B-CAF0-4BF9-BA05-3006858EC0B7}.Release|x86.Build.0 = Release|x86
		{61470166-2F65-41BD-9D9C-2C2C5F2DA6ED}.Debug|x86.ActiveCfg = Debug|Any CPU
		{61470166-2F65-41BD-9D9C-2C2C5F2DA6ED}.Debug|x86.Build.0 = Debug|Any CPU
		{61470166-2F65-41BD-9D9C-2C2C5F2DA6ED}.Release|x86.ActiveCfg = Release|Any CPU
		{61470166-2F65-41BD-9D9C-2C2C5F2DA6ED}.Release|x86.Build.0 = Release|Any CPU
		{71941514-6E26-489B-8843-EB9D273B95D2}.Debug|x86.ActiveCfg = Debug|x86
		{71941514-6E26-489B-8843-EB9D273B95D2}.Debug|x86.Build.0 = Debug|x86
		{71941514-6E26-489B-8843-EB9D273B95D2}.Release|x86.ActiveCfg = Release|x86
		{71941514-6E26-489B-8843-EB9D273B95D2}.Release|x86.Build.0 = Release|x86
		{7F56804C-27A5-4D71-BC60-06280B85D050}.Debug|x86.ActiveCfg = Debug|x86
		{7F56804C-27A5-4D71-BC60-06280B85D050}.Debug|x86.Build.0 = Debug|x86
		{7F56804C-27A5-4D71-BC60-06280B85D050}.Release|x86.ActiveCfg = Release|x86
		{7F56804C-27A5-4D71-BC60-06280B85D050}.Release|x86.Build.0 = Release|x86
		{82C03E10-075F-411C-A1F1-D5506C62BE1C}.Debug|x86.ActiveCfg = Debug|Any CPU
		{82C03E10-075F-411C-A1F1-D5506C62BE1C}.Debug|x86.Build.0 = Debug|Any CPU
		{82C03E10-075F-411C-A1F1-D5506C62BE1C}.Release|x86.ActiveCfg = Release|Any CPU
		{82C03E10-075F-411C-A1F1-D5506C62BE1C}.Release|x86.Build.0 = Release|Any CPU
		{926EE758-EDA5-4B92-BFE8-419C54909810}.Debug|x86.ActiveCfg = Debug|Any CPU
		{926EE758-EDA5-4B92-BFE8-419C54909810}.Debug|x86.Build.0 = Debug|Any CPU
		{926EE758-EDA5-4B92-BFE8-419C54909810}.Release|x86.ActiveCfg = Release|Any CPU
		{926EE758-EDA5-4B92-BFE8-419C54909810}.Release|x86.Build.0 = Release|Any CPU
		{B30BE9E6-097E-4DC0-91EE-4DDDA35F8905}.Debug|x86.ActiveCfg = Debug|x86
		{B30BE9E6-097E-4DC0-91EE-4DDDA35F8905}.Debug|x86.Build.0 = Debug|x86
		{B30BE9E6-097E-4DC0-91EE-4DDDA35F8905}.Release|x86.ActiveCfg = Release|x86
		{B30BE9E6-097E-4DC0-91EE-4DDDA35F8905}.Release|x86.Build.0 = Release|x86
		{CEA736B0-9A43-44FF-A369-C9D310C9C238}.Debug|x86.ActiveCfg = Debug|x86
		{CEA736B0-9A43-44FF-A369-C9D310C9C238}.Debug|x86.Build.0 = Debug|x86
		{CEA736B0-9A43-44FF-A369-C9D310C9C238}.Release|x86.ActiveCfg = Release|x86
		{CEA736B0-9A43-44FF-A369-C9D310C9C238}.Release|x86.Build.0 = Release|x86
		{E7552B0B-3C50-4739-8AE5-25768BAC332D}.Debug|x86.ActiveCfg = Debug|x86
		{E7552B0B-3C50-4739-8AE5-25768BAC332D}.Debug|x86.Build.0 = Debug|x86
		{E7552B0B-3C50-4739-8AE5-25768BAC332D}.Release|x86.ActiveCfg = Release|x86
		{E7552B0B-3C50-4739-8AE5-25768BAC332D}.Release|x86.Build.0 = Release|x86
		{F1256681-1F4E-495B-A32C-3D5662E78FCC}.Debug|x86.ActiveCfg = Debug|x86
		{F1256681-1F4E-495B-A32C-3D5662E78FCC}.Debug|x86.Build.0 = Debug|x86
		{F1256681-1F4E-495B-A32C-3D5662E78FCC}.Release|x86.ActiveCfg = Release|x86
		{F1256681-1F4E-495B-A32C-3D5662E78FCC}.Release|x86.Build.0 = Release|x86
		{F70D0BA1-7DD0-4AB5-AD42-F70A073716F7}.Debug|x86.ActiveCfg = Debug|x86
		{F70D0BA1-7DD0-4AB5-AD42-F70A073716F7}.Debug|x86.Build.0 = Debug|x86
		{F70D0BA1-7DD0-4AB5-AD42-F70A073716F7}.Release|x86.ActiveCfg = Release|x86
		{F70D0BA1-7DD0-4AB5-AD42-F70A073716F7}.Release|x86.Build.0 = Release|x86
	EndGlobalSection
	GlobalSection(NestedProjects) = preSolution
		{7F56804C-27A5-4D71-BC60-06280B85D050} = {E01B11F2-BA7F-4DBA-808D-957047B442F7}
		{2373B331-53BD-4DE9-A2E1-DBD778190FAF} = {E01B11F2-BA7F-4DBA-808D-957047B442F7}
		{B30BE9E6-097E-4DC0-91EE-4DDDA35F8905} = {E01B11F2-BA7F-4DBA-808D-957047B442F7}
		{0B05C9EA-1DD4-4526-80C6-EF7F98B9F27F} = {E01B11F2-BA7F-4DBA-808D-957047B442F7}
		{71941514-6E26-489B-8843-EB9D273B95D2} = {E01B11F2-BA7F-4DBA-808D-957047B442F7}
		{565F9F9B-CAF0-4BF9-BA05-3006858EC0B7} = {E01B11F2-BA7F-4DBA-808D-957047B442F7}
		{F1256681-1F4E-495B-A32C-3D5662E78FCC} = {E01B11F2-BA7F-4DBA-808D-957047B442F7}
		{2CE6D7B3-06C0-4917-A5EA-329A20C0BBE3} = {E01B11F2-BA7F-4DBA-808D-957047B442F7}
		{82C03E10-075F-411C-A1F1-D5506C62BE1C} = {F0AC8500-342F-4EA5-9649-3A3CAC990066}
		{61470166-2F65-41BD-9D9C-2C2C5F2DA6ED} = {F0AC8500-342F-4EA5-9649-3A3CAC990066}
		{926EE758-EDA5-4B92-BFE8-419C54909810} = {F0AC8500-342F-4EA5-9649-3A3CAC990066}
		{5150E825-D811-4D68-8C0E-86A1F8573561} = {F0AC8500-342F-4EA5-9649-3A3CAC990066}
		{3E0FBD2D-3E67-45BE-BCB0-B6B298718749} = {55F13B97-EEC4-4F2A-B870-22346B6236AB}
	EndGlobalSection
	GlobalSection(MonoDevelopProperties) = preSolution
		Policies = $0
		$0.TextStylePolicy = $1
		$1.inheritsSet = VisualStudio
		$1.inheritsScope = text/plain
		$1.scope = text/x-csharp
		$0.CSharpFormattingPolicy = $2
		$2.IndentSwitchBody = True
		$2.IndentBlocksInsideExpressions = True
		$2.AnonymousMethodBraceStyle = NextLine
		$2.PropertyBraceStyle = NextLine
		$2.PropertyGetBraceStyle = NextLine
		$2.PropertySetBraceStyle = NextLine
		$2.EventBraceStyle = NextLine
		$2.EventAddBraceStyle = NextLine
		$2.EventRemoveBraceStyle = NextLine
		$2.StatementBraceStyle = NextLine
		$2.ElseNewLinePlacement = NewLine
		$2.CatchNewLinePlacement = NewLine
		$2.FinallyNewLinePlacement = NewLine
		$2.WhileNewLinePlacement = DoNotCare
		$2.ArrayInitializerWrapping = DoNotChange
		$2.ArrayInitializerBraceStyle = NextLine
		$2.BeforeMethodDeclarationParentheses = False
		$2.BeforeMethodCallParentheses = False
		$2.BeforeConstructorDeclarationParentheses = False
		$2.NewLineBeforeConstructorInitializerColon = NewLine
		$2.NewLineAfterConstructorInitializerColon = SameLine
		$2.BeforeDelegateDeclarationParentheses = False
		$2.NewParentheses = False
		$2.SpacesBeforeBrackets = False
		$2.inheritsSet = Mono
		$2.inheritsScope = text/x-csharp
		$2.scope = text/x-csharp
	EndGlobalSection
EndGlobal
