
Microsoft Visual Studio Solution File, Format Version 12.00
# Visual Studio 2012
Project("{FAE04EC0-301F-11D3-BF4B-00C04F79EFBC}") = "graph-test", "graph-test\graph-test.csproj", "{04822AA6-13F2-4C75-9C54-B40B7C13BD8D}"
EndProject
Global
	GlobalSection(SolutionConfigurationPlatforms) = preSolution
		Debug|x86 = Debug|x86
		Release|x86 = Release|x86
	EndGlobalSection
	GlobalSection(ProjectConfigurationPlatforms) = postSolution
		{04822AA6-13F2-4C75-9C54-B40B7C13BD8D}.Debug|x86.ActiveCfg = Debug|x86
		{04822AA6-13F2-4C75-9C54-B40B7C13BD8D}.Debug|x86.Build.0 = Debug|x86
		{04822AA6-13F2-4C75-9C54-B40B7C13BD8D}.Release|x86.ActiveCfg = Release|x86
		{04822AA6-13F2-4C75-9C54-B40B7C13BD8D}.Release|x86.Build.0 = Release|x86
	EndGlobalSection
EndGlobal
